{
  "name": "typescriptDemo",
  "version": "0.0.1",
  "lockfileVersion": 1,
  "requires": true,
  "dependencies": {
    "@types/node": {
      "version": "12.7.2",
      "resolved": "http://registry.npm.release.ctripcorp.com/@types/node/download/@types/node-12.7.2.tgz",
      "integrity": "sha1-xOY69eiCPOnMPws097mYwhcfDEQ=",
      "dev": true
    }
  }
}
